
Microsoft Visual Studio Solution File, Format Version 12.00
# Visual Studio Version 16
VisualStudioVersion = 16.0.808.5
MinimumVisualStudioVersion = 10.0.40219.1
Project("{FAE04EC0-301F-11D3-BF4B-00C04F79EFBC}") = "RazorPagesMovie", "RazorPagesMovie.csproj", "{75BE3DBB-84CA-4CD3-BA5D-01BF06DAD773}"
EndProject
Global
	GlobalSection(SolutionConfigurationPlatforms) = preSolution
		Debug|Any CPU = Debug|Any CPU
		Release|Any CPU = Release|Any CPU
	EndGlobalSection
	GlobalSection(ProjectConfigurationPlatforms) = postSolution
		{75BE3DBB-84CA-4CD3-BA5D-01BF06DAD773}.Debug|Any CPU.ActiveCfg = Debug|Any CPU
		{75BE3DBB-84CA-4CD3-BA5D-01BF06DAD773}.Debug|Any CPU.Build.0 = Debug|Any CPU
		{75BE3DBB-84CA-4CD3-BA5D-01BF06DAD773}.Release|Any CPU.ActiveCfg = Release|Any CPU
		{75BE3DBB-84CA-4CD3-BA5D-01BF06DAD773}.Release|Any CPU.Build.0 = Release|Any CPU
	EndGlobalSection
	GlobalSection(SolutionProperties) = preSolution
		HideSolutionNode = FALSE
	EndGlobalSection
	GlobalSection(ExtensibilityGlobals) = postSolution
		SolutionGuid = {E86F662C-F74F-4599-A4E9-FC615279F54A}
	EndGlobalSection
EndGlobal
